
Microsoft Visual Studio Solution File, Format Version 12.00
# Visual Studio Version 17
VisualStudioVersion = 17.14.36616.10 d17.14
MinimumVisualStudioVersion = 10.0.40219.1
Project("{FAE04EC0-301F-11D3-BF4B-00C04F79EFBC}") = "MosshafContextHandeling", "MosshafContextHandeling\MosshafContextHandeling.csproj", "{C027779A-3F59-48F1-93DD-159095DF1C5C}"
EndProject
Global
	GlobalSection(SolutionConfigurationPlatforms) = preSolution
		Debug|Any CPU = Debug|Any CPU
		Release|Any CPU = Release|Any CPU
	EndGlobalSection
	GlobalSection(ProjectConfigurationPlatforms) = postSolution
		{C027779A-3F59-48F1-93DD-159095DF1C5C}.Debug|Any CPU.ActiveCfg = Debug|Any CPU
		{C027779A-3F59-48F1-93DD-159095DF1C5C}.Debug|Any CPU.Build.0 = Debug|Any CPU
		{C027779A-3F59-48F1-93DD-159095DF1C5C}.Release|Any CPU.ActiveCfg = Release|Any CPU
		{C027779A-3F59-48F1-93DD-159095DF1C5C}.Release|Any CPU.Build.0 = Release|Any CPU
	EndGlobalSection
	GlobalSection(SolutionProperties) = preSolution
		HideSolutionNode = FALSE
	EndGlobalSection
	GlobalSection(ExtensibilityGlobals) = postSolution
		SolutionGuid = {8B72CDAE-AD8D-4B89-A6A7-03BEFF0CC1E5}
	EndGlobalSection
EndGlobal
